
Microsoft Visual Studio Solution File, Format Version 12.00
Project("{FAE04EC0-301F-11D3-BF4B-00C04F79EFBC}") = "ConsoleApplication", "ConsoleApplication\ConsoleApplication.csproj", "{7145B38F-8464-4516-951C-726C5452F74F}"
EndProject
Global
	GlobalSection(SolutionConfigurationPlatforms) = preSolution
		Debug|Any CPU = Debug|Any CPU
		Release|Any CPU = Release|Any CPU
	EndGlobalSection
	GlobalSection(ProjectConfigurationPlatforms) = postSolution
		{7145B38F-8464-4516-951C-726C5452F74F}.Debug|Any CPU.ActiveCfg = Debug|Any CPU
		{7145B38F-8464-4516-951C-726C5452F74F}.Debug|Any CPU.Build.0 = Debug|Any CPU
		{7145B38F-8464-4516-951C-726C5452F74F}.Release|Any CPU.ActiveCfg = Release|Any CPU
		{7145B38F-8464-4516-951C-726C5452F74F}.Release|Any CPU.Build.0 = Release|Any CPU
	EndGlobalSection
EndGlobal
